{
  "name": "cc-ts-lib-tutorial",
  "version": "1.0.0",
  "lockfileVersion": 1,
  "requires": true,
  "dependencies": {
    "bn.js": {
      "version": "4.11.9",
      "resolved": "https://registry.npmjs.org/bn.js/-/bn.js-4.11.9.tgz",
      "integrity": "sha512-E6QoYqCKZfgatHTdHzs1RRKP7ip4vvm+EyRUeE2RF0NblwVvb0p6jSVeNTOFxPn26QXN2o6SMfNxKp6kU8zQaw=="
    },
    "fibonacci": {
      "version": "1.6.7",
      "resolved": "https://registry.npmjs.org/fibonacci/-/fibonacci-1.6.7.tgz",
      "integrity": "sha512-nVgSm9CiotuqZCQmi+fLqhZIDlLihBOfheKt41KaOym1oH1GZo4IsW9EG2x94u92wRcQYiXgBbplbpjAdo1Uxw==",
      "requires": {
        "bn.js": "^4.11.8"
      }
    }
  }
}
