{
  "name": "cc-ts-lib-tutorial-client-js",
  "version": "1.0.0",
  "lockfileVersion": 1,
  "requires": true,
  "dependencies": {
    "cc-ts-lib-tutorial": {
      "version": "0.2.0",
      "resolved": "https://registry.npmjs.org/cc-ts-lib-tutorial/-/cc-ts-lib-tutorial-0.2.0.tgz",
      "integrity": "sha512-3gQKLFPeOhCH8N6farlvbPdS5yH8yDh4S6jqTXVyAajCEJlQWDDCz3HSRGiZWSJehQQhA5fIky/0cBoxuNhO1w=="
    }
  }
}
